
Microsoft Visual Studio Solution File, Format Version 12.00
# Visual Studio 15
VisualStudioVersion = 15.0.28307.136
MinimumVisualStudioVersion = 10.0.40219.1
Project("{9A19103F-16F7-4668-BE54-9A1E7A4F7556}") = "MvcMovie", "MvcMovie.csproj", "{CF1F0C1D-A63E-4565-ABE2-13029C640082}"
EndProject
Global
	GlobalSection(SolutionConfigurationPlatforms) = preSolution
		Debug|Any CPU = Debug|Any CPU
		Release|Any CPU = Release|Any CPU
	EndGlobalSection
	GlobalSection(ProjectConfigurationPlatforms) = postSolution
		{CF1F0C1D-A63E-4565-ABE2-13029C640082}.Debug|Any CPU.ActiveCfg = Debug|Any CPU
		{CF1F0C1D-A63E-4565-ABE2-13029C640082}.Debug|Any CPU.Build.0 = Debug|Any CPU
		{CF1F0C1D-A63E-4565-ABE2-13029C640082}.Release|Any CPU.ActiveCfg = Release|Any CPU
		{CF1F0C1D-A63E-4565-ABE2-13029C640082}.Release|Any CPU.Build.0 = Release|Any CPU
	EndGlobalSection
	GlobalSection(SolutionProperties) = preSolution
		HideSolutionNode = FALSE
	EndGlobalSection
	GlobalSection(ExtensibilityGlobals) = postSolution
		SolutionGuid = {98902E36-313E-409B-875D-DBC173A1AD15}
	EndGlobalSection
EndGlobal
